
Microsoft Visual Studio Solution File, Format Version 12.00
# Visual Studio 15
VisualStudioVersion = 15.0.26124.0
MinimumVisualStudioVersion = 15.0.26124.0
Project("{FAE04EC0-301F-11D3-BF4B-00C04F79EFBC}") = "GameWeb.Tests", "GameWeb.Tests\GameWeb.Tests.csproj", "{F400F36C-9024-4EFF-8049-DEB8F64D1444}"
EndProject
Project("{FAE04EC0-301F-11D3-BF4B-00C04F79EFBC}") = "GameWeb", "GameWeb\GameWeb.csproj", "{C140CCFD-F945-4A4D-93BD-2452F3F04704}"
EndProject
Global
	GlobalSection(SolutionConfigurationPlatforms) = preSolution
		Debug|Any CPU = Debug|Any CPU
		Debug|x64 = Debug|x64
		Debug|x86 = Debug|x86
		Release|Any CPU = Release|Any CPU
		Release|x64 = Release|x64
		Release|x86 = Release|x86
	EndGlobalSection
	GlobalSection(SolutionProperties) = preSolution
		HideSolutionNode = FALSE
	EndGlobalSection
	GlobalSection(ProjectConfigurationPlatforms) = postSolution
		{F400F36C-9024-4EFF-8049-DEB8F64D1444}.Debug|Any CPU.ActiveCfg = Debug|Any CPU
		{F400F36C-9024-4EFF-8049-DEB8F64D1444}.Debug|Any CPU.Build.0 = Debug|Any CPU
		{F400F36C-9024-4EFF-8049-DEB8F64D1444}.Debug|x64.ActiveCfg = Debug|Any CPU
		{F400F36C-9024-4EFF-8049-DEB8F64D1444}.Debug|x64.Build.0 = Debug|Any CPU
		{F400F36C-9024-4EFF-8049-DEB8F64D1444}.Debug|x86.ActiveCfg = Debug|Any CPU
		{F400F36C-9024-4EFF-8049-DEB8F64D1444}.Debug|x86.Build.0 = Debug|Any CPU
		{F400F36C-9024-4EFF-8049-DEB8F64D1444}.Release|Any CPU.ActiveCfg = Release|Any CPU
		{F400F36C-9024-4EFF-8049-DEB8F64D1444}.Release|Any CPU.Build.0 = Release|Any CPU
		{F400F36C-9024-4EFF-8049-DEB8F64D1444}.Release|x64.ActiveCfg = Release|Any CPU
		{F400F36C-9024-4EFF-8049-DEB8F64D1444}.Release|x64.Build.0 = Release|Any CPU
		{F400F36C-9024-4EFF-8049-DEB8F64D1444}.Release|x86.ActiveCfg = Release|Any CPU
		{F400F36C-9024-4EFF-8049-DEB8F64D1444}.Release|x86.Build.0 = Release|Any CPU
		{C140CCFD-F945-4A4D-93BD-2452F3F04704}.Debug|Any CPU.ActiveCfg = Debug|Any CPU
		{C140CCFD-F945-4A4D-93BD-2452F3F04704}.Debug|Any CPU.Build.0 = Debug|Any CPU
		{C140CCFD-F945-4A4D-93BD-2452F3F04704}.Debug|x64.ActiveCfg = Debug|Any CPU
		{C140CCFD-F945-4A4D-93BD-2452F3F04704}.Debug|x64.Build.0 = Debug|Any CPU
		{C140CCFD-F945-4A4D-93BD-2452F3F04704}.Debug|x86.ActiveCfg = Debug|Any CPU
		{C140CCFD-F945-4A4D-93BD-2452F3F04704}.Debug|x86.Build.0 = Debug|Any CPU
		{C140CCFD-F945-4A4D-93BD-2452F3F04704}.Release|Any CPU.ActiveCfg = Release|Any CPU
		{C140CCFD-F945-4A4D-93BD-2452F3F04704}.Release|Any CPU.Build.0 = Release|Any CPU
		{C140CCFD-F945-4A4D-93BD-2452F3F04704}.Release|x64.ActiveCfg = Release|Any CPU
		{C140CCFD-F945-4A4D-93BD-2452F3F04704}.Release|x64.Build.0 = Release|Any CPU
		{C140CCFD-F945-4A4D-93BD-2452F3F04704}.Release|x86.ActiveCfg = Release|Any CPU
		{C140CCFD-F945-4A4D-93BD-2452F3F04704}.Release|x86.Build.0 = Release|Any CPU
	EndGlobalSection
EndGlobal
